
Microsoft Visual Studio Solution File, Format Version 11.00
# Visual Studio 2010
Project("{FAE04EC0-301F-11D3-BF4B-00C04F79EFBC}") = "Asymmetrisch", "Asymmetrisch\Asymmetrisch.csproj", "{9518BFD9-8625-4361-9EB3-5232857E2697}"
EndProject
Global
	GlobalSection(SolutionConfigurationPlatforms) = preSolution
		Debug|x86 = Debug|x86
		Release|x86 = Release|x86
	EndGlobalSection
	GlobalSection(ProjectConfigurationPlatforms) = postSolution
		{9518BFD9-8625-4361-9EB3-5232857E2697}.Debug|x86.ActiveCfg = Debug|x86
		{9518BFD9-8625-4361-9EB3-5232857E2697}.Debug|x86.Build.0 = Debug|x86
		{9518BFD9-8625-4361-9EB3-5232857E2697}.Release|x86.ActiveCfg = Release|x86
		{9518BFD9-8625-4361-9EB3-5232857E2697}.Release|x86.Build.0 = Release|x86
	EndGlobalSection
	GlobalSection(SolutionProperties) = preSolution
		HideSolutionNode = FALSE
	EndGlobalSection
EndGlobal
